
Microsoft Visual Studio Solution File, Format Version 12.00
# Visual Studio 14
VisualStudioVersion = 14.0.25420.1
MinimumVisualStudioVersion = 10.0.40219.1
Project("{FAE04EC0-301F-11D3-BF4B-00C04F79EFBC}") = "Paccia", "Paccia\Paccia.csproj", "{4014A02E-4EB9-4F57-98D2-FA429AF7DA64}"
EndProject
Project("{FAE04EC0-301F-11D3-BF4B-00C04F79EFBC}") = "Test", "Test\Test.csproj", "{436975EC-FCE1-418C-BF34-51E460BB9B1A}"
EndProject
Project("{9092AA53-FB77-4645-B42D-1CCCA6BD08BD}") = "WebExtension", "WebExtension\WebExtension.njsproj", "{ADA22622-D124-4FA1-B83E-4697424586C3}"
EndProject
Project("{8BB2217D-0F2D-49D1-97BC-3654ED321F3B}") = "WebServer", "WebServer\WebServer.xproj", "{E0DF6164-4405-44E4-8C5A-825C4A9BED23}"
EndProject
Global
	GlobalSection(SolutionConfigurationPlatforms) = preSolution
		Debug|Any CPU = Debug|Any CPU
		Release|Any CPU = Release|Any CPU
	EndGlobalSection
	GlobalSection(ProjectConfigurationPlatforms) = postSolution
		{4014A02E-4EB9-4F57-98D2-FA429AF7DA64}.Debug|Any CPU.ActiveCfg = Debug|Any CPU
		{4014A02E-4EB9-4F57-98D2-FA429AF7DA64}.Debug|Any CPU.Build.0 = Debug|Any CPU
		{4014A02E-4EB9-4F57-98D2-FA429AF7DA64}.Release|Any CPU.ActiveCfg = Release|Any CPU
		{4014A02E-4EB9-4F57-98D2-FA429AF7DA64}.Release|Any CPU.Build.0 = Release|Any CPU
		{436975EC-FCE1-418C-BF34-51E460BB9B1A}.Debug|Any CPU.ActiveCfg = Debug|Any CPU
		{436975EC-FCE1-418C-BF34-51E460BB9B1A}.Debug|Any CPU.Build.0 = Debug|Any CPU
		{436975EC-FCE1-418C-BF34-51E460BB9B1A}.Release|Any CPU.ActiveCfg = Release|Any CPU
		{436975EC-FCE1-418C-BF34-51E460BB9B1A}.Release|Any CPU.Build.0 = Release|Any CPU
		{ADA22622-D124-4FA1-B83E-4697424586C3}.Debug|Any CPU.ActiveCfg = Debug|Any CPU
		{ADA22622-D124-4FA1-B83E-4697424586C3}.Debug|Any CPU.Build.0 = Debug|Any CPU
		{ADA22622-D124-4FA1-B83E-4697424586C3}.Release|Any CPU.ActiveCfg = Release|Any CPU
		{ADA22622-D124-4FA1-B83E-4697424586C3}.Release|Any CPU.Build.0 = Release|Any CPU
		{E0DF6164-4405-44E4-8C5A-825C4A9BED23}.Debug|Any CPU.ActiveCfg = Debug|Any CPU
		{E0DF6164-4405-44E4-8C5A-825C4A9BED23}.Debug|Any CPU.Build.0 = Debug|Any CPU
		{E0DF6164-4405-44E4-8C5A-825C4A9BED23}.Release|Any CPU.ActiveCfg = Release|Any CPU
		{E0DF6164-4405-44E4-8C5A-825C4A9BED23}.Release|Any CPU.Build.0 = Release|Any CPU
	EndGlobalSection
	GlobalSection(SolutionProperties) = preSolution
		HideSolutionNode = FALSE
	EndGlobalSection
EndGlobal
