
Microsoft Visual Studio Solution File, Format Version 12.00
# Visual Studio 15
VisualStudioVersion = 15.0.26228.4
MinimumVisualStudioVersion = 10.0.40219.1
Project("{FAE04EC0-301F-11D3-BF4B-00C04F79EFBC}") = "Paccia", "Paccia\Paccia.csproj", "{4014A02E-4EB9-4F57-98D2-FA429AF7DA64}"
EndProject
Project("{FAE04EC0-301F-11D3-BF4B-00C04F79EFBC}") = "Test", "Test\Test.csproj", "{436975EC-FCE1-418C-BF34-51E460BB9B1A}"
EndProject
Project("{9A19103F-16F7-4668-BE54-9A1E7A4F7556}") = "WebServer", "WebServer\WebServer.csproj", "{E0DF6164-4405-44E4-8C5A-825C4A9BED23}"
EndProject
Project("{9A19103F-16F7-4668-BE54-9A1E7A4F7556}") = "Core", "Core\Core.csproj", "{D525F1F0-E395-4B33-957C-C3D8338AEE1B}"
EndProject
Project("{FAE04EC0-301F-11D3-BF4B-00C04F79EFBC}") = "WebExtension", "WebExtension\WebExtension.csproj", "{A539849A-0CFD-40B4-943E-D426EBA63867}"
EndProject
Global
	GlobalSection(SolutionConfigurationPlatforms) = preSolution
		Debug|Any CPU = Debug|Any CPU
		Release|Any CPU = Release|Any CPU
	EndGlobalSection
	GlobalSection(ProjectConfigurationPlatforms) = postSolution
		{4014A02E-4EB9-4F57-98D2-FA429AF7DA64}.Debug|Any CPU.ActiveCfg = Debug|Any CPU
		{4014A02E-4EB9-4F57-98D2-FA429AF7DA64}.Debug|Any CPU.Build.0 = Debug|Any CPU
		{4014A02E-4EB9-4F57-98D2-FA429AF7DA64}.Release|Any CPU.ActiveCfg = Release|Any CPU
		{4014A02E-4EB9-4F57-98D2-FA429AF7DA64}.Release|Any CPU.Build.0 = Release|Any CPU
		{436975EC-FCE1-418C-BF34-51E460BB9B1A}.Debug|Any CPU.ActiveCfg = Debug|Any CPU
		{436975EC-FCE1-418C-BF34-51E460BB9B1A}.Debug|Any CPU.Build.0 = Debug|Any CPU
		{436975EC-FCE1-418C-BF34-51E460BB9B1A}.Release|Any CPU.ActiveCfg = Release|Any CPU
		{436975EC-FCE1-418C-BF34-51E460BB9B1A}.Release|Any CPU.Build.0 = Release|Any CPU
		{E0DF6164-4405-44E4-8C5A-825C4A9BED23}.Debug|Any CPU.ActiveCfg = Debug|Any CPU
		{E0DF6164-4405-44E4-8C5A-825C4A9BED23}.Debug|Any CPU.Build.0 = Debug|Any CPU
		{E0DF6164-4405-44E4-8C5A-825C4A9BED23}.Release|Any CPU.ActiveCfg = Release|Any CPU
		{E0DF6164-4405-44E4-8C5A-825C4A9BED23}.Release|Any CPU.Build.0 = Release|Any CPU
		{D525F1F0-E395-4B33-957C-C3D8338AEE1B}.Debug|Any CPU.ActiveCfg = Debug|Any CPU
		{D525F1F0-E395-4B33-957C-C3D8338AEE1B}.Debug|Any CPU.Build.0 = Debug|Any CPU
		{D525F1F0-E395-4B33-957C-C3D8338AEE1B}.Release|Any CPU.ActiveCfg = Release|Any CPU
		{D525F1F0-E395-4B33-957C-C3D8338AEE1B}.Release|Any CPU.Build.0 = Release|Any CPU
		{A539849A-0CFD-40B4-943E-D426EBA63867}.Debug|Any CPU.ActiveCfg = Debug|Any CPU
		{A539849A-0CFD-40B4-943E-D426EBA63867}.Debug|Any CPU.Build.0 = Debug|Any CPU
		{A539849A-0CFD-40B4-943E-D426EBA63867}.Release|Any CPU.ActiveCfg = Release|Any CPU
		{A539849A-0CFD-40B4-943E-D426EBA63867}.Release|Any CPU.Build.0 = Release|Any CPU
	EndGlobalSection
	GlobalSection(SolutionProperties) = preSolution
		HideSolutionNode = FALSE
	EndGlobalSection
EndGlobal
